
Microsoft Visual Studio Solution File, Format Version 12.00
# Visual Studio Version 17
VisualStudioVersion = 17.5.33502.453
MinimumVisualStudioVersion = 10.0.40219.1
Project("{54A90642-561A-4BB1-A94E-469ADEE60C69}") = "agecalculator", "agecalculator.esproj", "{6376F457-DD7E-4255-AEAA-05DC6F09EE43}"
EndProject
Global
	GlobalSection(SolutionConfigurationPlatforms) = preSolution
		Debug|Any CPU = Debug|Any CPU
		Release|Any CPU = Release|Any CPU
	EndGlobalSection
	GlobalSection(ProjectConfigurationPlatforms) = postSolution
		{6376F457-DD7E-4255-AEAA-05DC6F09EE43}.Debug|Any CPU.ActiveCfg = Debug|Any CPU
		{6376F457-DD7E-4255-AEAA-05DC6F09EE43}.Debug|Any CPU.Build.0 = Debug|Any CPU
		{6376F457-DD7E-4255-AEAA-05DC6F09EE43}.Debug|Any CPU.Deploy.0 = Debug|Any CPU
		{6376F457-DD7E-4255-AEAA-05DC6F09EE43}.Release|Any CPU.ActiveCfg = Release|Any CPU
		{6376F457-DD7E-4255-AEAA-05DC6F09EE43}.Release|Any CPU.Build.0 = Release|Any CPU
		{6376F457-DD7E-4255-AEAA-05DC6F09EE43}.Release|Any CPU.Deploy.0 = Release|Any CPU
	EndGlobalSection
	GlobalSection(SolutionProperties) = preSolution
		HideSolutionNode = FALSE
	EndGlobalSection
	GlobalSection(ExtensibilityGlobals) = postSolution
		SolutionGuid = {14110477-F897-448C-9F05-B903E9BB3143}
	EndGlobalSection
EndGlobal
